<?xml version="1.0" encoding="utf-8"?>
<Project ToolsVersion="4.0" xmlns="http://schemas.microsoft.com/developer/msbuild/2003">
  <ItemGroup>
    <Filter Include="win32">
      <UniqueIdentifier>{84a8ebd7-7cf0-47f6-b75e-d441df67da40}</UniqueIdentifier>
    </Filter>
    <Filter Include="Classes">
      <UniqueIdentifier>{bb6c862e-70e9-49d9-81b7-3829a6f50471}</UniqueIdentifier>
    </Filter>
    <Filter Include="Classes\Scenes">
      <UniqueIdentifier>{13e82f19-7e51-4e7c-98e1-fe495407f5f7}</UniqueIdentifier>
    </Filter>
    <Filter Include="Classes\Assist">
      <UniqueIdentifier>{71f555de-ff26-41d3-9973-5b463c23831c}</UniqueIdentifier>
    </Filter>
    <Filter Include="Classes\Model">
      <UniqueIdentifier>{c635660a-1a5c-4a2d-97fe-4e1d633786bc}</UniqueIdentifier>
    </Filter>
  </ItemGroup>
  <ItemGroup>
    <ClCompile Include="main.cpp">
      <Filter>win32</Filter>
    </ClCompile>
    <ClCompile Include="..\Classes\AppDelegate.cpp">
      <Filter>Classes</Filter>
    </ClCompile>
    <ClCompile Include="..\Classes\HelloWorldScene.cpp">
      <Filter>Classes</Filter>
    </ClCompile>
    <ClCompile Include="..\Classes\Scenes\IntroScene.cpp">
      <Filter>Classes\Scenes</Filter>
    </ClCompile>
    <ClCompile Include="..\Classes\Scenes\SelectScene.cpp">
      <Filter>Classes\Scenes</Filter>
    </ClCompile>
    <ClCompile Include="..\Classes\Assist\InstanceMan.cpp">
      <Filter>Classes\Assist</Filter>
    </ClCompile>
    <ClCompile Include="..\Classes\Model\MainLogic.cpp">
      <Filter>Classes\Model</Filter>
    </ClCompile>
    <ClCompile Include="..\Classes\Scenes\GameScene.cpp">
      <Filter>Classes\Scenes</Filter>
    </ClCompile>
    <ClCompile Include="..\Classes\Model\Dealer.cpp">
      <Filter>Classes\Model</Filter>
    </ClCompile>
    <ClCompile Include="..\Classes\Model\Player.cpp">
      <Filter>Classes\Model</Filter>
    </ClCompile>
    <ClCompile Include="..\Classes\Model\PokerRule.cpp">
      <Filter>Classes\Model</Filter>
    </ClCompile>
    <ClCompile Include="..\Classes\Model\Card.cpp">
      <Filter>Classes\Model</Filter>
    </ClCompile>
    <ClCompile Include="..\Classes\Model\PlayerMan.cpp">
      <Filter>Classes\Model</Filter>
    </ClCompile>
    <ClCompile Include="..\Classes\Model\PokerAI.cpp">
      <Filter>Classes\Model</Filter>
    </ClCompile>
  </ItemGroup>
  <ItemGroup>
    <ClInclude Include="main.h">
      <Filter>win32</Filter>
    </ClInclude>
    <ClInclude Include="..\Classes\AppDelegate.h">
      <Filter>Classes</Filter>
    </ClInclude>
    <ClInclude Include="..\Classes\HelloWorldScene.h">
      <Filter>Classes</Filter>
    </ClInclude>
    <ClInclude Include="..\Classes\Scenes\IntroScene.h">
      <Filter>Classes\Scenes</Filter>
    </ClInclude>
    <ClInclude Include="..\Classes\Scenes\SelectScene.h">
      <Filter>Classes\Scenes</Filter>
    </ClInclude>
    <ClInclude Include="resource.h" />
    <ClInclude Include="..\Classes\Assist\InstanceMan.h">
      <Filter>Classes\Assist</Filter>
    </ClInclude>
    <ClInclude Include="..\Classes\Model\MainLogic.h">
      <Filter>Classes\Model</Filter>
    </ClInclude>
    <ClInclude Include="..\Classes\Scenes\GameScene.h">
      <Filter>Classes\Scenes</Filter>
    </ClInclude>
    <ClInclude Include="..\Classes\Model\Dealer.h">
      <Filter>Classes\Model</Filter>
    </ClInclude>
    <ClInclude Include="..\Classes\Model\Player.h">
      <Filter>Classes\Model</Filter>
    </ClInclude>
    <ClInclude Include="..\Classes\Model\PokerRule.h">
      <Filter>Classes\Model</Filter>
    </ClInclude>
    <ClInclude Include="..\Classes\Model\Card.h">
      <Filter>Classes\Model</Filter>
    </ClInclude>
    <ClInclude Include="..\Classes\Model\PlayerMan.h">
      <Filter>Classes\Model</Filter>
    </ClInclude>
    <ClInclude Include="..\Classes\Model\PokerAI.h">
      <Filter>Classes\Model</Filter>
    </ClInclude>
    <ClInclude Include="..\Classes\Model\PokerDefines.h">
      <Filter>Classes\Model</Filter>
    </ClInclude>
    <ClInclude Include="..\Classes\ResourceString.h">
      <Filter>Classes</Filter>
    </ClInclude>
  </ItemGroup>
  <ItemGroup>
    <ResourceCompile Include="LuckyPoker.rc" />
  </ItemGroup>
</Project>